// !$*UTF8*$!
{
	archiveVersion = 1;
	classes = {
	};
	objectVersion = 56;
	objects = {

/* Begin PBXBuildFile section */
		79F8A5152A7947B000F5C1FF /* WeatherAppApp.swift in Sources */ = {isa = PBXBuildFile; fileRef = 79F8A5142A7947B000F5C1FF /* WeatherAppApp.swift */; };
		79F8A5172A7947B000F5C1FF /* ContentView.swift in Sources */ = {isa = PBXBuildFile; fileRef = 79F8A5162A7947B000F5C1FF /* ContentView.swift */; };
		79F8A5192A7947B300F5C1FF /* Assets.xcassets in Resources */ = {isa = PBXBuildFile; fileRef = 79F8A5182A7947B300F5C1FF /* Assets.xcassets */; };
		79F8A51C2A7947B300F5C1FF /* Preview Assets.xcassets in Resources */ = {isa = PBXBuildFile; fileRef = 79F8A51B2A7947B300F5C1FF /* Preview Assets.xcassets */; };
		79F8A5262A7947B400F5C1FF /* WeatherAppTests.swift in Sources */ = {isa = PBXBuildFile; fileRef = 79F8A5252A7947B400F5C1FF /* WeatherAppTests.swift */; };
		79F8A5302A7947B400F5C1FF /* WeatherAppUITests.swift in Sources */ = {isa = PBXBuildFile; fileRef = 79F8A52F2A7947B400F5C1FF /* WeatherAppUITests.swift */; };
		79F8A5322A7947B400F5C1FF /* WeatherAppUITestsLaunchTests.swift in Sources */ = {isa = PBXBuildFile; fileRef = 79F8A5312A7947B400F5C1FF /* WeatherAppUITestsLaunchTests.swift */; };
		79F8A5402A79482100F5C1FF /* LocationManager.swift in Sources */ = {isa = PBXBuildFile; fileRef = 79F8A53F2A79482100F5C1FF /* LocationManager.swift */; };
		79F8A5432A794A7300F5C1FF /* WelcomeView.swift in Sources */ = {isa = PBXBuildFile; fileRef = 79F8A5422A794A7300F5C1FF /* WelcomeView.swift */; };
		79F8A5452A794F8B00F5C1FF /* LoadingView.swift in Sources */ = {isa = PBXBuildFile; fileRef = 79F8A5442A794F8B00F5C1FF /* LoadingView.swift */; };
		79F8A5472A79511D00F5C1FF /* WeatherManager.swift in Sources */ = {isa = PBXBuildFile; fileRef = 79F8A5462A79511D00F5C1FF /* WeatherManager.swift */; };
		79F8A5492A79629100F5C1FF /* WeatherView.swift in Sources */ = {isa = PBXBuildFile; fileRef = 79F8A5482A79629100F5C1FF /* WeatherView.swift */; };
		79F8A54B2A7962F900F5C1FF /* ModelData.swift in Sources */ = {isa = PBXBuildFile; fileRef = 79F8A54A2A7962F900F5C1FF /* ModelData.swift */; };
		79F8A54D2A79633600F5C1FF /* weatherData.json in Resources */ = {isa = PBXBuildFile; fileRef = 79F8A54C2A79633600F5C1FF /* weatherData.json */; };
		79F8A54F2A7965FE00F5C1FF /* Extensions.swift in Sources */ = {isa = PBXBuildFile; fileRef = 79F8A54E2A7965FE00F5C1FF /* Extensions.swift */; };
		79F8A5542A79D7A200F5C1FF /* WeatherRow.swift in Sources */ = {isa = PBXBuildFile; fileRef = 79F8A5532A79D7A200F5C1FF /* WeatherRow.swift */; };
/* End PBXBuildFile section */

/* Begin PBXContainerItemProxy section */
		79F8A5222A7947B400F5C1FF /* PBXContainerItemProxy */ = {
			isa = PBXContainerItemProxy;
			containerPortal = 79F8A5092A7947B000F5C1FF /* Project object */;
			proxyType = 1;
			remoteGlobalIDString = 79F8A5102A7947B000F5C1FF;
			remoteInfo = WeatherApp;
		};
		79F8A52C2A7947B400F5C1FF /* PBXContainerItemProxy */ = {
			isa = PBXContainerItemProxy;
			containerPortal = 79F8A5092A7947B000F5C1FF /* Project object */;
			proxyType = 1;
			remoteGlobalIDString = 79F8A5102A7947B000F5C1FF;
			remoteInfo = WeatherApp;
		};
/* End PBXContainerItemProxy section */

/* Begin PBXFileReference section */
		79F8A5112A7947B000F5C1FF /* WeatherApp.app */ = {isa = PBXFileReference; explicitFileType = wrapper.application; includeInIndex = 0; path = WeatherApp.app; sourceTree = BUILT_PRODUCTS_DIR; };
		79F8A5142A7947B000F5C1FF /* WeatherAppApp.swift */ = {isa = PBXFileReference; lastKnownFileType = sourcecode.swift; path = WeatherAppApp.swift; sourceTree = "<group>"; };
		79F8A5162A7947B000F5C1FF /* ContentView.swift */ = {isa = PBXFileReference; lastKnownFileType = sourcecode.swift; path = ContentView.swift; sourceTree = "<group>"; };
		79F8A5182A7947B300F5C1FF /* Assets.xcassets */ = {isa = PBXFileReference; lastKnownFileType = folder.assetcatalog; path = Assets.xcassets; sourceTree = "<group>"; };
		79F8A51B2A7947B300F5C1FF /* Preview Assets.xcassets */ = {isa = PBXFileReference; lastKnownFileType = folder.assetcatalog; path = "Preview Assets.xcassets"; sourceTree = "<group>"; };
		79F8A5212A7947B400F5C1FF /* WeatherAppTests.xctest */ = {isa = PBXFileReference; explicitFileType = wrapper.cfbundle; includeInIndex = 0; path = WeatherAppTests.xctest; sourceTree = BUILT_PRODUCTS_DIR; };
		79F8A5252A7947B400F5C1FF /* WeatherAppTests.swift */ = {isa = PBXFileReference; lastKnownFileType = sourcecode.swift; path = WeatherAppTests.swift; sourceTree = "<group>"; };
		79F8A52B2A7947B400F5C1FF /* WeatherAppUITests.xctest */ = {isa = PBXFileReference; explicitFileType = wrapper.cfbundle; includeInIndex = 0; path = WeatherAppUITests.xctest; sourceTree = BUILT_PRODUCTS_DIR; };
		79F8A52F2A7947B400F5C1FF /* WeatherAppUITests.swift */ = {isa = PBXFileReference; lastKnownFileType = sourcecode.swift; path = WeatherAppUITests.swift; sourceTree = "<group>"; };
		79F8A5312A7947B400F5C1FF /* WeatherAppUITestsLaunchTests.swift */ = {isa = PBXFileReference; lastKnownFileType = sourcecode.swift; path = WeatherAppUITestsLaunchTests.swift; sourceTree = "<group>"; };
		79F8A53F2A79482100F5C1FF /* LocationManager.swift */ = {isa = PBXFileReference; lastKnownFileType = sourcecode.swift; path = LocationManager.swift; sourceTree = "<group>"; };
		79F8A5422A794A7300F5C1FF /* WelcomeView.swift */ = {isa = PBXFileReference; lastKnownFileType = sourcecode.swift; path = WelcomeView.swift; sourceTree = "<group>"; };
		79F8A5442A794F8B00F5C1FF /* LoadingView.swift */ = {isa = PBXFileReference; lastKnownFileType = sourcecode.swift; path = LoadingView.swift; sourceTree = "<group>"; };
		79F8A5462A79511D00F5C1FF /* WeatherManager.swift */ = {isa = PBXFileReference; lastKnownFileType = sourcecode.swift; path = WeatherManager.swift; sourceTree = "<group>"; };
		79F8A5482A79629100F5C1FF /* WeatherView.swift */ = {isa = PBXFileReference; lastKnownFileType = sourcecode.swift; path = WeatherView.swift; sourceTree = "<group>"; };
		79F8A54A2A7962F900F5C1FF /* ModelData.swift */ = {isa = PBXFileReference; lastKnownFileType = sourcecode.swift; path = ModelData.swift; sourceTree = "<group>"; };
		79F8A54C2A79633600F5C1FF /* weatherData.json */ = {isa = PBXFileReference; lastKnownFileType = text.json; path = weatherData.json; sourceTree = "<group>"; };
		79F8A54E2A7965FE00F5C1FF /* Extensions.swift */ = {isa = PBXFileReference; lastKnownFileType = sourcecode.swift; path = Extensions.swift; sourceTree = "<group>"; };
		79F8A5532A79D7A200F5C1FF /* WeatherRow.swift */ = {isa = PBXFileReference; lastKnownFileType = sourcecode.swift; path = WeatherRow.swift; sourceTree = "<group>"; };
/* End PBXFileReference section */

/* Begin PBXFrameworksBuildPhase section */
		79F8A50E2A7947B000F5C1FF /* Frameworks */ = {
			isa = PBXFrameworksBuildPhase;
			buildActionMask = 2147483647;
			files = (
			);
			runOnlyForDeploymentPostprocessing = 0;
		};
		79F8A51E2A7947B400F5C1FF /* Frameworks */ = {
			isa = PBXFrameworksBuildPhase;
			buildActionMask = 2147483647;
			files = (
			);
			runOnlyForDeploymentPostprocessing = 0;
		};
		79F8A5282A7947B400F5C1FF /* Frameworks */ = {
			isa = PBXFrameworksBuildPhase;
			buildActionMask = 2147483647;
			files = (
			);
			runOnlyForDeploymentPostprocessing = 0;
		};
/* End PBXFrameworksBuildPhase section */

/* Begin PBXGroup section */
		79F8A5082A7947B000F5C1FF = {
			isa = PBXGroup;
			children = (
				79F8A5132A7947B000F5C1FF /* WeatherApp */,
				79F8A5242A7947B400F5C1FF /* WeatherAppTests */,
				79F8A52E2A7947B400F5C1FF /* WeatherAppUITests */,
				79F8A5122A7947B000F5C1FF /* Products */,
			);
			sourceTree = "<group>";
		};
		79F8A5122A7947B000F5C1FF /* Products */ = {
			isa = PBXGroup;
			children = (
				79F8A5112A7947B000F5C1FF /* WeatherApp.app */,
				79F8A5212A7947B400F5C1FF /* WeatherAppTests.xctest */,
				79F8A52B2A7947B400F5C1FF /* WeatherAppUITests.xctest */,
			);
			name = Products;
			sourceTree = "<group>";
		};
		79F8A5132A7947B000F5C1FF /* WeatherApp */ = {
			isa = PBXGroup;
			children = (
				79F8A5502A79D75900F5C1FF /* Components */,
				79F8A5412A7949E800F5C1FF /* Views */,
				79F8A53E2A7947F000F5C1FF /* Managers */,
				79F8A5142A7947B000F5C1FF /* WeatherAppApp.swift */,
				79F8A5182A7947B300F5C1FF /* Assets.xcassets */,
				79F8A51A2A7947B300F5C1FF /* Preview Content */,
				79F8A54E2A7965FE00F5C1FF /* Extensions.swift */,
			);
			path = WeatherApp;
			sourceTree = "<group>";
		};
		79F8A51A2A7947B300F5C1FF /* Preview Content */ = {
			isa = PBXGroup;
			children = (
				79F8A51B2A7947B300F5C1FF /* Preview Assets.xcassets */,
				79F8A54A2A7962F900F5C1FF /* ModelData.swift */,
				79F8A54C2A79633600F5C1FF /* weatherData.json */,
			);
			path = "Preview Content";
			sourceTree = "<group>";
		};
		79F8A5242A7947B400F5C1FF /* WeatherAppTests */ = {
			isa = PBXGroup;
			children = (
				79F8A5252A7947B400F5C1FF /* WeatherAppTests.swift */,
			);
			path = WeatherAppTests;
			sourceTree = "<group>";
		};
		79F8A52E2A7947B400F5C1FF /* WeatherAppUITests */ = {
			isa = PBXGroup;
			children = (
				79F8A52F2A7947B400F5C1FF /* WeatherAppUITests.swift */,
				79F8A5312A7947B400F5C1FF /* WeatherAppUITestsLaunchTests.swift */,
			);
			path = WeatherAppUITests;
			sourceTree = "<group>";
		};
		79F8A53E2A7947F000F5C1FF /* Managers */ = {
			isa = PBXGroup;
			children = (
				79F8A53F2A79482100F5C1FF /* LocationManager.swift */,
				79F8A5462A79511D00F5C1FF /* WeatherManager.swift */,
			);
			path = Managers;
			sourceTree = "<group>";
		};
		79F8A5412A7949E800F5C1FF /* Views */ = {
			isa = PBXGroup;
			children = (
				79F8A5162A7947B000F5C1FF /* ContentView.swift */,
				79F8A5422A794A7300F5C1FF /* WelcomeView.swift */,
				79F8A5442A794F8B00F5C1FF /* LoadingView.swift */,
				79F8A5482A79629100F5C1FF /* WeatherView.swift */,
			);
			path = Views;
			sourceTree = "<group>";
		};
		79F8A5502A79D75900F5C1FF /* Components */ = {
			isa = PBXGroup;
			children = (
				79F8A5532A79D7A200F5C1FF /* WeatherRow.swift */,
			);
			path = Components;
			sourceTree = "<group>";
		};
/* End PBXGroup section */

/* Begin PBXNativeTarget section */
		79F8A5102A7947B000F5C1FF /* WeatherApp */ = {
			isa = PBXNativeTarget;
			buildConfigurationList = 79F8A5352A7947B400F5C1FF /* Build configuration list for PBXNativeTarget "WeatherApp" */;
			buildPhases = (
				79F8A50D2A7947B000F5C1FF /* Sources */,
				79F8A50E2A7947B000F5C1FF /* Frameworks */,
				79F8A50F2A7947B000F5C1FF /* Resources */,
			);
			buildRules = (
			);
			dependencies = (
			);
			name = WeatherApp;
			productName = WeatherApp;
			productReference = 79F8A5112A7947B000F5C1FF /* WeatherApp.app */;
			productType = "com.apple.product-type.application";
		};
		79F8A5202A7947B400F5C1FF /* WeatherAppTests */ = {
			isa = PBXNativeTarget;
			buildConfigurationList = 79F8A5382A7947B400F5C1FF /* Build configuration list for PBXNativeTarget "WeatherAppTests" */;
			buildPhases = (
				79F8A51D2A7947B400F5C1FF /* Sources */,
				79F8A51E2A7947B400F5C1FF /* Frameworks */,
				79F8A51F2A7947B400F5C1FF /* Resources */,
			);
			buildRules = (
			);
			dependencies = (
				79F8A5232A7947B400F5C1FF /* PBXTargetDependency */,
			);
			name = WeatherAppTests;
			productName = WeatherAppTests;
			productReference = 79F8A5212A7947B400F5C1FF /* WeatherAppTests.xctest */;
			productType = "com.apple.product-type.bundle.unit-test";
		};
		79F8A52A2A7947B400F5C1FF /* WeatherAppUITests */ = {
			isa = PBXNativeTarget;
			buildConfigurationList = 79F8A53B2A7947B400F5C1FF /* Build configuration list for PBXNativeTarget "WeatherAppUITests" */;
			buildPhases = (
				79F8A5272A7947B400F5C1FF /* Sources */,
				79F8A5282A7947B400F5C1FF /* Frameworks */,
				79F8A5292A7947B400F5C1FF /* Resources */,
			);
			buildRules = (
			);
			dependencies = (
				79F8A52D2A7947B400F5C1FF /* PBXTargetDependency */,
			);
			name = WeatherAppUITests;
			productName = WeatherAppUITests;
			productReference = 79F8A52B2A7947B400F5C1FF /* WeatherAppUITests.xctest */;
			productType = "com.apple.product-type.bundle.ui-testing";
		};
/* End PBXNativeTarget section */

/* Begin PBXProject section */
		79F8A5092A7947B000F5C1FF /* Project object */ = {
			isa = PBXProject;
			attributes = {
				BuildIndependentTargetsInParallel = 1;
				LastSwiftUpdateCheck = 1430;
				LastUpgradeCheck = 1430;
				TargetAttributes = {
					79F8A5102A7947B000F5C1FF = {
						CreatedOnToolsVersion = 14.3.1;
					};
					79F8A5202A7947B400F5C1FF = {
						CreatedOnToolsVersion = 14.3.1;
						TestTargetID = 79F8A5102A7947B000F5C1FF;
					};
					79F8A52A2A7947B400F5C1FF = {
						CreatedOnToolsVersion = 14.3.1;
						TestTargetID = 79F8A5102A7947B000F5C1FF;
					};
				};
			};
			buildConfigurationList = 79F8A50C2A7947B000F5C1FF /* Build configuration list for PBXProject "WeatherApp" */;
			compatibilityVersion = "Xcode 14.0";
			developmentRegion = en;
			hasScannedForEncodings = 0;
			knownRegions = (
				en,
				Base,
			);
			mainGroup = 79F8A5082A7947B000F5C1FF;
			productRefGroup = 79F8A5122A7947B000F5C1FF /* Products */;
			projectDirPath = "";
			projectRoot = "";
			targets = (
				79F8A5102A7947B000F5C1FF /* WeatherApp */,
				79F8A5202A7947B400F5C1FF /* WeatherAppTests */,
				79F8A52A2A7947B400F5C1FF /* WeatherAppUITests */,
			);
		};
/* End PBXProject section */

/* Begin PBXResourcesBuildPhase section */
		79F8A50F2A7947B000F5C1FF /* Resources */ = {
			isa = PBXResourcesBuildPhase;
			buildActionMask = 2147483647;
			files = (
				79F8A51C2A7947B300F5C1FF /* Preview Assets.xcassets in Resources */,
				79F8A54D2A79633600F5C1FF /* weatherData.json in Resources */,
				79F8A5192A7947B300F5C1FF /* Assets.xcassets in Resources */,
			);
			runOnlyForDeploymentPostprocessing = 0;
		};
		79F8A51F2A7947B400F5C1FF /* Resources */ = {
			isa = PBXResourcesBuildPhase;
			buildActionMask = 2147483647;
			files = (
			);
			runOnlyForDeploymentPostprocessing = 0;
		};
		79F8A5292A7947B400F5C1FF /* Resources */ = {
			isa = PBXResourcesBuildPhase;
			buildActionMask = 2147483647;
			files = (
			);
			runOnlyForDeploymentPostprocessing = 0;
		};
/* End PBXResourcesBuildPhase section */

/* Begin PBXSourcesBuildPhase section */
		79F8A50D2A7947B000F5C1FF /* Sources */ = {
			isa = PBXSourcesBuildPhase;
			buildActionMask = 2147483647;
			files = (
				79F8A5472A79511D00F5C1FF /* WeatherManager.swift in Sources */,
				79F8A54F2A7965FE00F5C1FF /* Extensions.swift in Sources */,
				79F8A5172A7947B000F5C1FF /* ContentView.swift in Sources */,
				79F8A5152A7947B000F5C1FF /* WeatherAppApp.swift in Sources */,
				79F8A5402A79482100F5C1FF /* LocationManager.swift in Sources */,
				79F8A5542A79D7A200F5C1FF /* WeatherRow.swift in Sources */,
				79F8A5452A794F8B00F5C1FF /* LoadingView.swift in Sources */,
				79F8A54B2A7962F900F5C1FF /* ModelData.swift in Sources */,
				79F8A5492A79629100F5C1FF /* WeatherView.swift in Sources */,
				79F8A5432A794A7300F5C1FF /* WelcomeView.swift in Sources */,
			);
			runOnlyForDeploymentPostprocessing = 0;
		};
		79F8A51D2A7947B400F5C1FF /* Sources */ = {
			isa = PBXSourcesBuildPhase;
			buildActionMask = 2147483647;
			files = (
				79F8A5262A7947B400F5C1FF /* WeatherAppTests.swift in Sources */,
			);
			runOnlyForDeploymentPostprocessing = 0;
		};
		79F8A5272A7947B400F5C1FF /* Sources */ = {
			isa = PBXSourcesBuildPhase;
			buildActionMask = 2147483647;
			files = (
				79F8A5302A7947B400F5C1FF /* WeatherAppUITests.swift in Sources */,
				79F8A5322A7947B400F5C1FF /* WeatherAppUITestsLaunchTests.swift in Sources */,
			);
			runOnlyForDeploymentPostprocessing = 0;
		};
/* End PBXSourcesBuildPhase section */

/* Begin PBXTargetDependency section */
		79F8A5232A7947B400F5C1FF /* PBXTargetDependency */ = {
			isa = PBXTargetDependency;
			target = 79F8A5102A7947B000F5C1FF /* WeatherApp */;
			targetProxy = 79F8A5222A7947B400F5C1FF /* PBXContainerItemProxy */;
		};
		79F8A52D2A7947B400F5C1FF /* PBXTargetDependency */ = {
			isa = PBXTargetDependency;
			target = 79F8A5102A7947B000F5C1FF /* WeatherApp */;
			targetProxy = 79F8A52C2A7947B400F5C1FF /* PBXContainerItemProxy */;
		};
/* End PBXTargetDependency section */

/* Begin XCBuildConfiguration section */
		79F8A5332A7947B400F5C1FF /* Debug */ = {
			isa = XCBuildConfiguration;
			buildSettings = {
				ALWAYS_SEARCH_USER_PATHS = NO;
				CLANG_ANALYZER_NONNULL = YES;
				CLANG_ANALYZER_NUMBER_OBJECT_CONVERSION = YES_AGGRESSIVE;
				CLANG_CXX_LANGUAGE_STANDARD = "gnu++20";
				CLANG_ENABLE_MODULES = YES;
				CLANG_ENABLE_OBJC_ARC = YES;
				CLANG_ENABLE_OBJC_WEAK = YES;
				CLANG_WARN_BLOCK_CAPTURE_AUTORELEASING = YES;
				CLANG_WARN_BOOL_CONVERSION = YES;
				CLANG_WARN_COMMA = YES;
				CLANG_WARN_CONSTANT_CONVERSION = YES;
				CLANG_WARN_DEPRECATED_OBJC_IMPLEMENTATIONS = YES;
				CLANG_WARN_DIRECT_OBJC_ISA_USAGE = YES_ERROR;
				CLANG_WARN_DOCUMENTATION_COMMENTS = YES;
				CLANG_WARN_EMPTY_BODY = YES;
				CLANG_WARN_ENUM_CONVERSION = YES;
				CLANG_WARN_INFINITE_RECURSION = YES;
				CLANG_WARN_INT_CONVERSION = YES;
				CLANG_WARN_NON_LITERAL_NULL_CONVERSION = YES;
				CLANG_WARN_OBJC_IMPLICIT_RETAIN_SELF = YES;
				CLANG_WARN_OBJC_LITERAL_CONVERSION = YES;
				CLANG_WARN_OBJC_ROOT_CLASS = YES_ERROR;
				CLANG_WARN_QUOTED_INCLUDE_IN_FRAMEWORK_HEADER = YES;
				CLANG_WARN_RANGE_LOOP_ANALYSIS = YES;
				CLANG_WARN_STRICT_PROTOTYPES = YES;
				CLANG_WARN_SUSPICIOUS_MOVE = YES;
				CLANG_WARN_UNGUARDED_AVAILABILITY = YES_AGGRESSIVE;
				CLANG_WARN_UNREACHABLE_CODE = YES;
				CLANG_WARN__DUPLICATE_METHOD_MATCH = YES;
				COPY_PHASE_STRIP = NO;
				DEBUG_INFORMATION_FORMAT = dwarf;
				ENABLE_STRICT_OBJC_MSGSEND = YES;
				ENABLE_TESTABILITY = YES;
				GCC_C_LANGUAGE_STANDARD = gnu11;
				GCC_DYNAMIC_NO_PIC = NO;
				GCC_NO_COMMON_BLOCKS = YES;
				GCC_OPTIMIZATION_LEVEL = 0;
				GCC_PREPROCESSOR_DEFINITIONS = (
					"DEBUG=1",
					"$(inherited)",
				);
				GCC_WARN_64_TO_32_BIT_CONVERSION = YES;
				GCC_WARN_ABOUT_RETURN_TYPE = YES_ERROR;
				GCC_WARN_UNDECLARED_SELECTOR = YES;
				GCC_WARN_UNINITIALIZED_AUTOS = YES_AGGRESSIVE;
				GCC_WARN_UNUSED_FUNCTION = YES;
				GCC_WARN_UNUSED_VARIABLE = YES;
				IPHONEOS_DEPLOYMENT_TARGET = 16.4;
				MTL_ENABLE_DEBUG_INFO = INCLUDE_SOURCE;
				MTL_FAST_MATH = YES;
				ONLY_ACTIVE_ARCH = YES;
				SDKROOT = iphoneos;
				SWIFT_ACTIVE_COMPILATION_CONDITIONS = DEBUG;
				SWIFT_OPTIMIZATION_LEVEL = "-Onone";
			};
			name = Debug;
		};
		79F8A5342A7947B400F5C1FF /* Release */ = {
			isa = XCBuildConfiguration;
			buildSettings = {
				ALWAYS_SEARCH_USER_PATHS = NO;
				CLANG_ANALYZER_NONNULL = YES;
				CLANG_ANALYZER_NUMBER_OBJECT_CONVERSION = YES_AGGRESSIVE;
				CLANG_CXX_LANGUAGE_STANDARD = "gnu++20";
				CLANG_ENABLE_MODULES = YES;
				CLANG_ENABLE_OBJC_ARC = YES;
				CLANG_ENABLE_OBJC_WEAK = YES;
				CLANG_WARN_BLOCK_CAPTURE_AUTORELEASING = YES;
				CLANG_WARN_BOOL_CONVERSION = YES;
				CLANG_WARN_COMMA = YES;
				CLANG_WARN_CONSTANT_CONVERSION = YES;
				CLANG_WARN_DEPRECATED_OBJC_IMPLEMENTATIONS = YES;
				CLANG_WARN_DIRECT_OBJC_ISA_USAGE = YES_ERROR;
				CLANG_WARN_DOCUMENTATION_COMMENTS = YES;
				CLANG_WARN_EMPTY_BODY = YES;
				CLANG_WARN_ENUM_CONVERSION = YES;
				CLANG_WARN_INFINITE_RECURSION = YES;
				CLANG_WARN_INT_CONVERSION = YES;
				CLANG_WARN_NON_LITERAL_NULL_CONVERSION = YES;
				CLANG_WARN_OBJC_IMPLICIT_RETAIN_SELF = YES;
				CLANG_WARN_OBJC_LITERAL_CONVERSION = YES;
				CLANG_WARN_OBJC_ROOT_CLASS = YES_ERROR;
				CLANG_WARN_QUOTED_INCLUDE_IN_FRAMEWORK_HEADER = YES;
				CLANG_WARN_RANGE_LOOP_ANALYSIS = YES;
				CLANG_WARN_STRICT_PROTOTYPES = YES;
				CLANG_WARN_SUSPICIOUS_MOVE = YES;
				CLANG_WARN_UNGUARDED_AVAILABILITY = YES_AGGRESSIVE;
				CLANG_WARN_UNREACHABLE_CODE = YES;
				CLANG_WARN__DUPLICATE_METHOD_MATCH = YES;
				COPY_PHASE_STRIP = NO;
				DEBUG_INFORMATION_FORMAT = "dwarf-with-dsym";
				ENABLE_NS_ASSERTIONS = NO;
				ENABLE_STRICT_OBJC_MSGSEND = YES;
				GCC_C_LANGUAGE_STANDARD = gnu11;
				GCC_NO_COMMON_BLOCKS = YES;
				GCC_WARN_64_TO_32_BIT_CONVERSION = YES;
				GCC_WARN_ABOUT_RETURN_TYPE = YES_ERROR;
				GCC_WARN_UNDECLARED_SELECTOR = YES;
				GCC_WARN_UNINITIALIZED_AUTOS = YES_AGGRESSIVE;
				GCC_WARN_UNUSED_FUNCTION = YES;
				GCC_WARN_UNUSED_VARIABLE = YES;
				IPHONEOS_DEPLOYMENT_TARGET = 16.4;
				MTL_ENABLE_DEBUG_INFO = NO;
				MTL_FAST_MATH = YES;
				SDKROOT = iphoneos;
				SWIFT_COMPILATION_MODE = wholemodule;
				SWIFT_OPTIMIZATION_LEVEL = "-O";
				VALIDATE_PRODUCT = YES;
			};
			name = Release;
		};
		79F8A5362A7947B400F5C1FF /* Debug */ = {
			isa = XCBuildConfiguration;
			buildSettings = {
				ASSETCATALOG_COMPILER_APPICON_NAME = AppIcon;
				ASSETCATALOG_COMPILER_GLOBAL_ACCENT_COLOR_NAME = AccentColor;
				CODE_SIGN_STYLE = Automatic;
				CURRENT_PROJECT_VERSION = 1;
				DEVELOPMENT_ASSET_PATHS = "\"WeatherApp/Preview Content\"";
				ENABLE_PREVIEWS = YES;
				GENERATE_INFOPLIST_FILE = YES;
				INFOPLIST_KEY_UIApplicationSceneManifest_Generation = YES;
				INFOPLIST_KEY_UIApplicationSupportsIndirectInputEvents = YES;
				INFOPLIST_KEY_UILaunchScreen_Generation = YES;
				INFOPLIST_KEY_UISupportedInterfaceOrientations_iPad = "UIInterfaceOrientationPortrait UIInterfaceOrientationPortraitUpsideDown UIInterfaceOrientationLandscapeLeft UIInterfaceOrientationLandscapeRight";
				INFOPLIST_KEY_UISupportedInterfaceOrientations_iPhone = "UIInterfaceOrientationPortrait UIInterfaceOrientationLandscapeLeft UIInterfaceOrientationLandscapeRight";
				LD_RUNPATH_SEARCH_PATHS = (
					"$(inherited)",
					"@executable_path/Frameworks",
				);
				MARKETING_VERSION = 1.0;
				PRODUCT_BUNDLE_IDENTIFIER = Gui.WeatherApp;
				PRODUCT_NAME = "$(TARGET_NAME)";
				SWIFT_EMIT_LOC_STRINGS = YES;
				SWIFT_VERSION = 5.0;
				TARGETED_DEVICE_FAMILY = "1,2";
			};
			name = Debug;
		};
		79F8A5372A7947B400F5C1FF /* Release */ = {
			isa = XCBuildConfiguration;
			buildSettings = {
				ASSETCATALOG_COMPILER_APPICON_NAME = AppIcon;
				ASSETCATALOG_COMPILER_GLOBAL_ACCENT_COLOR_NAME = AccentColor;
				CODE_SIGN_STYLE = Automatic;
				CURRENT_PROJECT_VERSION = 1;
				DEVELOPMENT_ASSET_PATHS = "\"WeatherApp/Preview Content\"";
				ENABLE_PREVIEWS = YES;
				GENERATE_INFOPLIST_FILE = YES;
				INFOPLIST_KEY_UIApplicationSceneManifest_Generation = YES;
				INFOPLIST_KEY_UIApplicationSupportsIndirectInputEvents = YES;
				INFOPLIST_KEY_UILaunchScreen_Generation = YES;
				INFOPLIST_KEY_UISupportedInterfaceOrientations_iPad = "UIInterfaceOrientationPortrait UIInterfaceOrientationPortraitUpsideDown UIInterfaceOrientationLandscapeLeft UIInterfaceOrientationLandscapeRight";
				INFOPLIST_KEY_UISupportedInterfaceOrientations_iPhone = "UIInterfaceOrientationPortrait UIInterfaceOrientationLandscapeLeft UIInterfaceOrientationLandscapeRight";
				LD_RUNPATH_SEARCH_PATHS = (
					"$(inherited)",
					"@executable_path/Frameworks",
				);
				MARKETING_VERSION = 1.0;
				PRODUCT_BUNDLE_IDENTIFIER = Gui.WeatherApp;
				PRODUCT_NAME = "$(TARGET_NAME)";
				SWIFT_EMIT_LOC_STRINGS = YES;
				SWIFT_VERSION = 5.0;
				TARGETED_DEVICE_FAMILY = "1,2";
			};
			name = Release;
		};
		79F8A5392A7947B400F5C1FF /* Debug */ = {
			isa = XCBuildConfiguration;
			buildSettings = {
				ALWAYS_EMBED_SWIFT_STANDARD_LIBRARIES = YES;
				BUNDLE_LOADER = "$(TEST_HOST)";
				CODE_SIGN_STYLE = Automatic;
				CURRENT_PROJECT_VERSION = 1;
				GENERATE_INFOPLIST_FILE = YES;
				IPHONEOS_DEPLOYMENT_TARGET = 16.4;
				MARKETING_VERSION = 1.0;
				PRODUCT_BUNDLE_IDENTIFIER = Gui.WeatherAppTests;
				PRODUCT_NAME = "$(TARGET_NAME)";
				SWIFT_EMIT_LOC_STRINGS = NO;
				SWIFT_VERSION = 5.0;
				TARGETED_DEVICE_FAMILY = "1,2";
				TEST_HOST = "$(BUILT_PRODUCTS_DIR)/WeatherApp.app/$(BUNDLE_EXECUTABLE_FOLDER_PATH)/WeatherApp";
			};
			name = Debug;
		};
		79F8A53A2A7947B400F5C1FF /* Release */ = {
			isa = XCBuildConfiguration;
			buildSettings = {
				ALWAYS_EMBED_SWIFT_STANDARD_LIBRARIES = YES;
				BUNDLE_LOADER = "$(TEST_HOST)";
				CODE_SIGN_STYLE = Automatic;
				CURRENT_PROJECT_VERSION = 1;
				GENERATE_INFOPLIST_FILE = YES;
				IPHONEOS_DEPLOYMENT_TARGET = 16.4;
				MARKETING_VERSION = 1.0;
				PRODUCT_BUNDLE_IDENTIFIER = Gui.WeatherAppTests;
				PRODUCT_NAME = "$(TARGET_NAME)";
				SWIFT_EMIT_LOC_STRINGS = NO;
				SWIFT_VERSION = 5.0;
				TARGETED_DEVICE_FAMILY = "1,2";
				TEST_HOST = "$(BUILT_PRODUCTS_DIR)/WeatherApp.app/$(BUNDLE_EXECUTABLE_FOLDER_PATH)/WeatherApp";
			};
			name = Release;
		};
		79F8A53C2A7947B400F5C1FF /* Debug */ = {
			isa = XCBuildConfiguration;
			buildSettings = {
				ALWAYS_EMBED_SWIFT_STANDARD_LIBRARIES = YES;
				CODE_SIGN_STYLE = Automatic;
				CURRENT_PROJECT_VERSION = 1;
				GENERATE_INFOPLIST_FILE = YES;
				MARKETING_VERSION = 1.0;
				PRODUCT_BUNDLE_IDENTIFIER = Gui.WeatherAppUITests;
				PRODUCT_NAME = "$(TARGET_NAME)";
				SWIFT_EMIT_LOC_STRINGS = NO;
				SWIFT_VERSION = 5.0;
				TARGETED_DEVICE_FAMILY = "1,2";
				TEST_TARGET_NAME = WeatherApp;
			};
			name = Debug;
		};
		79F8A53D2A7947B400F5C1FF /* Release */ = {
			isa = XCBuildConfiguration;
			buildSettings = {
				ALWAYS_EMBED_SWIFT_STANDARD_LIBRARIES = YES;
				CODE_SIGN_STYLE = Automatic;
				CURRENT_PROJECT_VERSION = 1;
				GENERATE_INFOPLIST_FILE = YES;
				MARKETING_VERSION = 1.0;
				PRODUCT_BUNDLE_IDENTIFIER = Gui.WeatherAppUITests;
				PRODUCT_NAME = "$(TARGET_NAME)";
				SWIFT_EMIT_LOC_STRINGS = NO;
				SWIFT_VERSION = 5.0;
				TARGETED_DEVICE_FAMILY = "1,2";
				TEST_TARGET_NAME = WeatherApp;
			};
			name = Release;
		};
/* End XCBuildConfiguration section */

/* Begin XCConfigurationList section */
		79F8A50C2A7947B000F5C1FF /* Build configuration list for PBXProject "WeatherApp" */ = {
			isa = XCConfigurationList;
			buildConfigurations = (
				79F8A5332A7947B400F5C1FF /* Debug */,
				79F8A5342A7947B400F5C1FF /* Release */,
			);
			defaultConfigurationIsVisible = 0;
			defaultConfigurationName = Release;
		};
		79F8A5352A7947B400F5C1FF /* Build configuration list for PBXNativeTarget "WeatherApp" */ = {
			isa = XCConfigurationList;
			buildConfigurations = (
				79F8A5362A7947B400F5C1FF /* Debug */,
				79F8A5372A7947B400F5C1FF /* Release */,
			);
			defaultConfigurationIsVisible = 0;
			defaultConfigurationName = Release;
		};
		79F8A5382A7947B400F5C1FF /* Build configuration list for PBXNativeTarget "WeatherAppTests" */ = {
			isa = XCConfigurationList;
			buildConfigurations = (
				79F8A5392A7947B400F5C1FF /* Debug */,
				79F8A53A2A7947B400F5C1FF /* Release */,
			);
			defaultConfigurationIsVisible = 0;
			defaultConfigurationName = Release;
		};
		79F8A53B2A7947B400F5C1FF /* Build configuration list for PBXNativeTarget "WeatherAppUITests" */ = {
			isa = XCConfigurationList;
			buildConfigurations = (
				79F8A53C2A7947B400F5C1FF /* Debug */,
				79F8A53D2A7947B400F5C1FF /* Release */,
			);
			defaultConfigurationIsVisible = 0;
			defaultConfigurationName = Release;
		};
/* End XCConfigurationList section */
	};
	rootObject = 79F8A5092A7947B000F5C1FF /* Project object */;
}
